
Microsoft Visual Studio Solution File, Format Version 12.00
# Visual Studio Version 17
VisualStudioVersion = 17.0.31903.59
MinimumVisualStudioVersion = 10.0.40219.1
Project("{9A19103F-16F7-4668-BE54-9A1E7A4F7556}") = "MatrixMeshMath", "MatrixMeshMath\MatrixMeshMath.csproj", "{48A9A1B0-8995-4F87-81B9-9433FAEA5CE1}"
EndProject
Project("{9A19103F-16F7-4668-BE54-9A1E7A4F7556}") = "MatrixMeshMath.Tests", "MatrixMeshMath.Tests\MatrixMeshMath.Tests.csproj", "{DE2AB996-7B9D-4587-9329-4C44D6DC9AF5}"
EndProject
Project("{FAE04EC0-301F-11D3-BF4B-00C04F79EFBC}") = "FunctionApp1", "FunctionApp1\FunctionApp1.csproj", "{4D16940C-E2D4-45D0-AAD1-DD95F8CBFF2F}"
EndProject
Global
	GlobalSection(SolutionConfigurationPlatforms) = preSolution
		Debug|Any CPU = Debug|Any CPU
		Release|Any CPU = Release|Any CPU
	EndGlobalSection
	GlobalSection(ProjectConfigurationPlatforms) = postSolution
		{48A9A1B0-8995-4F87-81B9-9433FAEA5CE1}.Debug|Any CPU.ActiveCfg = Debug|Any CPU
		{48A9A1B0-8995-4F87-81B9-9433FAEA5CE1}.Debug|Any CPU.Build.0 = Debug|Any CPU
		{48A9A1B0-8995-4F87-81B9-9433FAEA5CE1}.Release|Any CPU.ActiveCfg = Release|Any CPU
		{48A9A1B0-8995-4F87-81B9-9433FAEA5CE1}.Release|Any CPU.Build.0 = Release|Any CPU
		{DE2AB996-7B9D-4587-9329-4C44D6DC9AF5}.Debug|Any CPU.ActiveCfg = Debug|Any CPU
		{DE2AB996-7B9D-4587-9329-4C44D6DC9AF5}.Debug|Any CPU.Build.0 = Debug|Any CPU
		{DE2AB996-7B9D-4587-9329-4C44D6DC9AF5}.Release|Any CPU.ActiveCfg = Release|Any CPU
		{DE2AB996-7B9D-4587-9329-4C44D6DC9AF5}.Release|Any CPU.Build.0 = Release|Any CPU
		{4D16940C-E2D4-45D0-AAD1-DD95F8CBFF2F}.Debug|Any CPU.ActiveCfg = Debug|Any CPU
		{4D16940C-E2D4-45D0-AAD1-DD95F8CBFF2F}.Debug|Any CPU.Build.0 = Debug|Any CPU
		{4D16940C-E2D4-45D0-AAD1-DD95F8CBFF2F}.Release|Any CPU.ActiveCfg = Release|Any CPU
		{4D16940C-E2D4-45D0-AAD1-DD95F8CBFF2F}.Release|Any CPU.Build.0 = Release|Any CPU
	EndGlobalSection
	GlobalSection(SolutionProperties) = preSolution
		HideSolutionNode = FALSE
	EndGlobalSection
	GlobalSection(ExtensibilityGlobals) = postSolution
		SolutionGuid = {BFB17AEF-A33B-49DC-A81F-1BD366BA3B51}
	EndGlobalSection
EndGlobal
